
Microsoft Visual Studio Solution File, Format Version 12.00
# Visual Studio Version 17
VisualStudioVersion = 17.7.34018.315
MinimumVisualStudioVersion = 10.0.40219.1
Project("{8BC9CEB8-8B4A-11D0-8D11-00A0C91BC942}") = "测试", "测试\测试.vcxproj", "{B44FD7FA-ED55-4366-B078-8B0905E245CC}"
EndProject
Global
	GlobalSection(SolutionConfigurationPlatforms) = preSolution
		Debug|x64 = Debug|x64
		Debug|x86 = Debug|x86
		Release|x64 = Release|x64
		Release|x86 = Release|x86
	EndGlobalSection
	GlobalSection(ProjectConfigurationPlatforms) = postSolution
		{B44FD7FA-ED55-4366-B078-8B0905E245CC}.Debug|x64.ActiveCfg = Debug|x64
		{B44FD7FA-ED55-4366-B078-8B0905E245CC}.Debug|x64.Build.0 = Debug|x64
		{B44FD7FA-ED55-4366-B078-8B0905E245CC}.Debug|x86.ActiveCfg = Debug|Win32
		{B44FD7FA-ED55-4366-B078-8B0905E245CC}.Debug|x86.Build.0 = Debug|Win32
		{B44FD7FA-ED55-4366-B078-8B0905E245CC}.Release|x64.ActiveCfg = Release|x64
		{B44FD7FA-ED55-4366-B078-8B0905E245CC}.Release|x64.Build.0 = Release|x64
		{B44FD7FA-ED55-4366-B078-8B0905E245CC}.Release|x86.ActiveCfg = Release|Win32
		{B44FD7FA-ED55-4366-B078-8B0905E245CC}.Release|x86.Build.0 = Release|Win32
	EndGlobalSection
	GlobalSection(SolutionProperties) = preSolution
		HideSolutionNode = FALSE
	EndGlobalSection
	GlobalSection(ExtensibilityGlobals) = postSolution
		SolutionGuid = {327CF667-E1BB-4575-BC18-1C97AC6430EB}
	EndGlobalSection
EndGlobal
